
Microsoft Visual Studio Solution File, Format Version 12.00
# Visual Studio Version 16
VisualStudioVersion = 16.0.31729.503
MinimumVisualStudioVersion = 10.0.40219.1
Project("{FAE04EC0-301F-11D3-BF4B-00C04F79EFBC}") = "PretCuTva", "PretCuTva\PretCuTva.csproj", "{1C32D5EA-BE21-4C7E-9D13-62AD86B2092C}"
EndProject
Global
	GlobalSection(SolutionConfigurationPlatforms) = preSolution
		Debug|Any CPU = Debug|Any CPU
		Release|Any CPU = Release|Any CPU
	EndGlobalSection
	GlobalSection(ProjectConfigurationPlatforms) = postSolution
		{1C32D5EA-BE21-4C7E-9D13-62AD86B2092C}.Debug|Any CPU.ActiveCfg = Debug|Any CPU
		{1C32D5EA-BE21-4C7E-9D13-62AD86B2092C}.Debug|Any CPU.Build.0 = Debug|Any CPU
		{1C32D5EA-BE21-4C7E-9D13-62AD86B2092C}.Release|Any CPU.ActiveCfg = Release|Any CPU
		{1C32D5EA-BE21-4C7E-9D13-62AD86B2092C}.Release|Any CPU.Build.0 = Release|Any CPU
	EndGlobalSection
	GlobalSection(SolutionProperties) = preSolution
		HideSolutionNode = FALSE
	EndGlobalSection
	GlobalSection(ExtensibilityGlobals) = postSolution
		SolutionGuid = {CDAC6E99-97D6-4191-9638-A24008DF2FDD}
	EndGlobalSection
EndGlobal
